
Microsoft Visual Studio Solution File, Format Version 12.00
# Visual Studio Version 17
VisualStudioVersion = 17.7.34031.279
MinimumVisualStudioVersion = 10.0.40219.1
Project("{FAE04EC0-301F-11D3-BF4B-00C04F79EFBC}") = "API_FasionShop", "API_FasionShop\API_FasionShop.csproj", "{A9E72002-2695-4B49-A105-718D0736CD97}"
EndProject
Global
	GlobalSection(SolutionConfigurationPlatforms) = preSolution
		Debug|Any CPU = Debug|Any CPU
		Release|Any CPU = Release|Any CPU
	EndGlobalSection
	GlobalSection(ProjectConfigurationPlatforms) = postSolution
		{A9E72002-2695-4B49-A105-718D0736CD97}.Debug|Any CPU.ActiveCfg = Debug|Any CPU
		{A9E72002-2695-4B49-A105-718D0736CD97}.Debug|Any CPU.Build.0 = Debug|Any CPU
		{A9E72002-2695-4B49-A105-718D0736CD97}.Release|Any CPU.ActiveCfg = Release|Any CPU
		{A9E72002-2695-4B49-A105-718D0736CD97}.Release|Any CPU.Build.0 = Release|Any CPU
	EndGlobalSection
	GlobalSection(SolutionProperties) = preSolution
		HideSolutionNode = FALSE
	EndGlobalSection
	GlobalSection(ExtensibilityGlobals) = postSolution
		SolutionGuid = {0DB0EC94-0E25-4557-B572-3DF411B02116}
	EndGlobalSection
EndGlobal
